
Microsoft Visual Studio Solution File, Format Version 12.00
# Visual Studio 15
VisualStudioVersion = 15.0.27130.2027
MinimumVisualStudioVersion = 10.0.40219.1
Project("{FAE04EC0-301F-11D3-BF4B-00C04F79EFBC}") = "Rline", "RLine\Rline.csproj", "{559E36A1-025B-4EB5-894B-347ACD38C5F6}"
EndProject
Project("{FAE04EC0-301F-11D3-BF4B-00C04F79EFBC}") = "RlineTest", "RlineTest\RlineTest.csproj", "{31E56A5C-F9C7-4A98-A385-D804A6317D0D}"
EndProject
Global
	GlobalSection(SolutionConfigurationPlatforms) = preSolution
		Debug|Any CPU = Debug|Any CPU
		Release|Any CPU = Release|Any CPU
	EndGlobalSection
	GlobalSection(ProjectConfigurationPlatforms) = postSolution
		{559E36A1-025B-4EB5-894B-347ACD38C5F6}.Debug|Any CPU.ActiveCfg = Debug|Any CPU
		{559E36A1-025B-4EB5-894B-347ACD38C5F6}.Debug|Any CPU.Build.0 = Debug|Any CPU
		{559E36A1-025B-4EB5-894B-347ACD38C5F6}.Release|Any CPU.ActiveCfg = Release|Any CPU
		{559E36A1-025B-4EB5-894B-347ACD38C5F6}.Release|Any CPU.Build.0 = Release|Any CPU
		{31E56A5C-F9C7-4A98-A385-D804A6317D0D}.Debug|Any CPU.ActiveCfg = Debug|Any CPU
		{31E56A5C-F9C7-4A98-A385-D804A6317D0D}.Debug|Any CPU.Build.0 = Debug|Any CPU
		{31E56A5C-F9C7-4A98-A385-D804A6317D0D}.Release|Any CPU.ActiveCfg = Release|Any CPU
		{31E56A5C-F9C7-4A98-A385-D804A6317D0D}.Release|Any CPU.Build.0 = Release|Any CPU
	EndGlobalSection
	GlobalSection(SolutionProperties) = preSolution
		HideSolutionNode = FALSE
	EndGlobalSection
	GlobalSection(ExtensibilityGlobals) = postSolution
		SolutionGuid = {506DCADD-1312-417C-8279-E295F15E110E}
	EndGlobalSection
EndGlobal
